
Microsoft Visual Studio Solution File, Format Version 12.00
Project("{FAE04EC0-301F-11D3-BF4B-00C04F79EFBC}") = "Zadanie1APBD", "Zadanie1APBD.csproj", "{53DAEEEF-D8EB-4039-AE09-BE0028AA9CDF}"
EndProject
Global
	GlobalSection(SolutionConfigurationPlatforms) = preSolution
		Debug|Any CPU = Debug|Any CPU
		Release|Any CPU = Release|Any CPU
	EndGlobalSection
	GlobalSection(ProjectConfigurationPlatforms) = postSolution
		{53DAEEEF-D8EB-4039-AE09-BE0028AA9CDF}.Debug|Any CPU.ActiveCfg = Debug|Any CPU
		{53DAEEEF-D8EB-4039-AE09-BE0028AA9CDF}.Debug|Any CPU.Build.0 = Debug|Any CPU
		{53DAEEEF-D8EB-4039-AE09-BE0028AA9CDF}.Release|Any CPU.ActiveCfg = Release|Any CPU
		{53DAEEEF-D8EB-4039-AE09-BE0028AA9CDF}.Release|Any CPU.Build.0 = Release|Any CPU
	EndGlobalSection
EndGlobal
